
Microsoft Visual Studio Solution File, Format Version 12.00
# Visual Studio Version 17
VisualStudioVersion = 17.3.32825.248
MinimumVisualStudioVersion = 10.0.40219.1
Project("{9A19103F-16F7-4668-BE54-9A1E7A4F7556}") = "ETW2JSON", "ETW2JSON.csproj", "{AE4BB73C-1697-432A-A9C6-3CC76434198A}"
EndProject
Global
	GlobalSection(SolutionConfigurationPlatforms) = preSolution
		Debug|Any CPU = Debug|Any CPU
		Debug|x64 = Debug|x64
		Release|Any CPU = Release|Any CPU
		Release|x64 = Release|x64
	EndGlobalSection
	GlobalSection(ProjectConfigurationPlatforms) = postSolution
		{AE4BB73C-1697-432A-A9C6-3CC76434198A}.Debug|Any CPU.ActiveCfg = Debug|Any CPU
		{AE4BB73C-1697-432A-A9C6-3CC76434198A}.Debug|Any CPU.Build.0 = Debug|Any CPU
		{AE4BB73C-1697-432A-A9C6-3CC76434198A}.Debug|x64.ActiveCfg = Debug|x64
		{AE4BB73C-1697-432A-A9C6-3CC76434198A}.Debug|x64.Build.0 = Debug|x64
		{AE4BB73C-1697-432A-A9C6-3CC76434198A}.Release|Any CPU.ActiveCfg = Release|Any CPU
		{AE4BB73C-1697-432A-A9C6-3CC76434198A}.Release|Any CPU.Build.0 = Release|Any CPU
		{AE4BB73C-1697-432A-A9C6-3CC76434198A}.Release|x64.ActiveCfg = Release|x64
		{AE4BB73C-1697-432A-A9C6-3CC76434198A}.Release|x64.Build.0 = Release|x64
	EndGlobalSection
	GlobalSection(SolutionProperties) = preSolution
		HideSolutionNode = FALSE
	EndGlobalSection
	GlobalSection(ExtensibilityGlobals) = postSolution
		SolutionGuid = {0931682E-8EF3-47BC-BD8A-AFDDA0A55874}
	EndGlobalSection
EndGlobal
